
Microsoft Visual Studio Solution File, Format Version 12.00
# Visual Studio Version 16
VisualStudioVersion = 16.0.30804.86
MinimumVisualStudioVersion = 10.0.40219.1
Project("{FAE04EC0-301F-11D3-BF4B-00C04F79EFBC}") = "BlazorModal", "BlazorModal\BlazorModal.csproj", "{0C6EB8CA-A8CD-4E72-BE70-4129A3E273C1}"
EndProject
Global
	GlobalSection(SolutionConfigurationPlatforms) = preSolution
		Debug|Any CPU = Debug|Any CPU
		Release|Any CPU = Release|Any CPU
	EndGlobalSection
	GlobalSection(ProjectConfigurationPlatforms) = postSolution
		{0C6EB8CA-A8CD-4E72-BE70-4129A3E273C1}.Debug|Any CPU.ActiveCfg = Debug|Any CPU
		{0C6EB8CA-A8CD-4E72-BE70-4129A3E273C1}.Debug|Any CPU.Build.0 = Debug|Any CPU
		{0C6EB8CA-A8CD-4E72-BE70-4129A3E273C1}.Release|Any CPU.ActiveCfg = Release|Any CPU
		{0C6EB8CA-A8CD-4E72-BE70-4129A3E273C1}.Release|Any CPU.Build.0 = Release|Any CPU
	EndGlobalSection
	GlobalSection(SolutionProperties) = preSolution
		HideSolutionNode = FALSE
	EndGlobalSection
	GlobalSection(ExtensibilityGlobals) = postSolution
		SolutionGuid = {E1AC9C0E-AAE6-4271-8167-16FFE2CB6E8D}
	EndGlobalSection
EndGlobal
